
Microsoft Visual Studio Solution File, Format Version 12.00
# Visual Studio 2013
VisualStudioVersion = 12.0.40629.0
MinimumVisualStudioVersion = 10.0.40219.1
Project("{FAE04EC0-301F-11D3-BF4B-00C04F79EFBC}") = "PresentationBuilder", "PresentationBuilder\PresentationBuilder.csproj", "{91609317-CE2C-4040-87BA-970F9BFAC1DA}"
EndProject
Project("{FAE04EC0-301F-11D3-BF4B-00C04F79EFBC}") = "PresentationBuilder.Tests", "PresentationBuilder.Tests\PresentationBuilder.Tests.csproj", "{0AF1E2F1-3A4F-429E-977D-DC9C5591E0EB}"
EndProject
Global
	GlobalSection(SolutionConfigurationPlatforms) = preSolution
		Debug|Any CPU = Debug|Any CPU
		Release|Any CPU = Release|Any CPU
	EndGlobalSection
	GlobalSection(ProjectConfigurationPlatforms) = postSolution
		{91609317-CE2C-4040-87BA-970F9BFAC1DA}.Debug|Any CPU.ActiveCfg = Debug|Any CPU
		{91609317-CE2C-4040-87BA-970F9BFAC1DA}.Debug|Any CPU.Build.0 = Debug|Any CPU
		{91609317-CE2C-4040-87BA-970F9BFAC1DA}.Release|Any CPU.ActiveCfg = Release|Any CPU
		{91609317-CE2C-4040-87BA-970F9BFAC1DA}.Release|Any CPU.Build.0 = Release|Any CPU
		{0AF1E2F1-3A4F-429E-977D-DC9C5591E0EB}.Debug|Any CPU.ActiveCfg = Debug|Any CPU
		{0AF1E2F1-3A4F-429E-977D-DC9C5591E0EB}.Debug|Any CPU.Build.0 = Debug|Any CPU
		{0AF1E2F1-3A4F-429E-977D-DC9C5591E0EB}.Release|Any CPU.ActiveCfg = Release|Any CPU
		{0AF1E2F1-3A4F-429E-977D-DC9C5591E0EB}.Release|Any CPU.Build.0 = Release|Any CPU
	EndGlobalSection
	GlobalSection(SolutionProperties) = preSolution
		HideSolutionNode = FALSE
	EndGlobalSection
EndGlobal
